
Microsoft Visual Studio Solution File, Format Version 12.00
# Visual Studio Version 17
VisualStudioVersion = 17.3.32929.385
MinimumVisualStudioVersion = 10.0.40219.1
Project("{FAE04EC0-301F-11D3-BF4B-00C04F79EFBC}") = "Funcionario1", "Funcionario1\Funcionario1.csproj", "{BAA9D779-0EEF-4799-AA76-2DD9D330AA68}"
EndProject
Global
	GlobalSection(SolutionConfigurationPlatforms) = preSolution
		Debug|Any CPU = Debug|Any CPU
		Release|Any CPU = Release|Any CPU
	EndGlobalSection
	GlobalSection(ProjectConfigurationPlatforms) = postSolution
		{BAA9D779-0EEF-4799-AA76-2DD9D330AA68}.Debug|Any CPU.ActiveCfg = Debug|Any CPU
		{BAA9D779-0EEF-4799-AA76-2DD9D330AA68}.Debug|Any CPU.Build.0 = Debug|Any CPU
		{BAA9D779-0EEF-4799-AA76-2DD9D330AA68}.Release|Any CPU.ActiveCfg = Release|Any CPU
		{BAA9D779-0EEF-4799-AA76-2DD9D330AA68}.Release|Any CPU.Build.0 = Release|Any CPU
	EndGlobalSection
	GlobalSection(SolutionProperties) = preSolution
		HideSolutionNode = FALSE
	EndGlobalSection
	GlobalSection(ExtensibilityGlobals) = postSolution
		SolutionGuid = {803447DE-74F7-4E2E-8AA1-E4F73D8179AD}
	EndGlobalSection
EndGlobal
